
Microsoft Visual Studio Solution File, Format Version 12.00
# Visual Studio Version 16
VisualStudioVersion = 16.0.30320.27
MinimumVisualStudioVersion = 10.0.40219.1
Project("{9A19103F-16F7-4668-BE54-9A1E7A4F7556}") = "Sebreiro.FunctionalResult", "Sebreiro.FunctionalResult\Sebreiro.FunctionalResult.csproj", "{2288DC98-2423-4CA4-8492-6F0B369A53FF}"
EndProject
Project("{9A19103F-16F7-4668-BE54-9A1E7A4F7556}") = "Sebreiro.FunctionalResult.Tests", "Sebreiro.FunctionalResult.Tests\Sebreiro.FunctionalResult.Tests.csproj", "{C94D52D1-2130-4DF0-99C4-6C0A63F2898C}"
EndProject
Global
	GlobalSection(SolutionConfigurationPlatforms) = preSolution
		Debug|Any CPU = Debug|Any CPU
		Release|Any CPU = Release|Any CPU
	EndGlobalSection
	GlobalSection(ProjectConfigurationPlatforms) = postSolution
		{2288DC98-2423-4CA4-8492-6F0B369A53FF}.Debug|Any CPU.ActiveCfg = Debug|Any CPU
		{2288DC98-2423-4CA4-8492-6F0B369A53FF}.Debug|Any CPU.Build.0 = Debug|Any CPU
		{2288DC98-2423-4CA4-8492-6F0B369A53FF}.Release|Any CPU.ActiveCfg = Release|Any CPU
		{2288DC98-2423-4CA4-8492-6F0B369A53FF}.Release|Any CPU.Build.0 = Release|Any CPU
		{C94D52D1-2130-4DF0-99C4-6C0A63F2898C}.Debug|Any CPU.ActiveCfg = Debug|Any CPU
		{C94D52D1-2130-4DF0-99C4-6C0A63F2898C}.Debug|Any CPU.Build.0 = Debug|Any CPU
		{C94D52D1-2130-4DF0-99C4-6C0A63F2898C}.Release|Any CPU.ActiveCfg = Release|Any CPU
		{C94D52D1-2130-4DF0-99C4-6C0A63F2898C}.Release|Any CPU.Build.0 = Release|Any CPU
	EndGlobalSection
	GlobalSection(SolutionProperties) = preSolution
		HideSolutionNode = FALSE
	EndGlobalSection
	GlobalSection(ExtensibilityGlobals) = postSolution
		SolutionGuid = {3CFDABC4-3171-4A0C-94E4-429B37ECDC79}
	EndGlobalSection
EndGlobal
